Microsoft Visual Studio Solution File, Format Version 12.00
# Visual Studio 2012
Project("{FAE04EC0-301F-11D3-BF4B-00C04F79EFBC}") = "MapExplore", "MapExplore.csproj", "{76C0668C-3FC8-4BC8-B7E6-B29504D6E2A5}"
EndProject
Global
	GlobalSection(SolutionConfigurationPlatforms) = preSolution
	Debug|Any CPU = Debug|Any CPU
	Release|Any CPU = Release|Any CPU
	Tools|Any CPU = Tools|Any CPU
	EndGlobalSection
	GlobalSection(ProjectConfigurationPlatforms) = postSolution
		{76C0668C-3FC8-4BC8-B7E6-B29504D6E2A5}.Debug|Any CPU.ActiveCfg = Debug|Any CPU
		{76C0668C-3FC8-4BC8-B7E6-B29504D6E2A5}.Debug|Any CPU.Build.0 = Debug|Any CPU
		{76C0668C-3FC8-4BC8-B7E6-B29504D6E2A5}.Release|Any CPU.ActiveCfg = Release|Any CPU
		{76C0668C-3FC8-4BC8-B7E6-B29504D6E2A5}.Release|Any CPU.Build.0 = Release|Any CPU
		{76C0668C-3FC8-4BC8-B7E6-B29504D6E2A5}.Tools|Any CPU.ActiveCfg = Tools|Any CPU
		{76C0668C-3FC8-4BC8-B7E6-B29504D6E2A5}.Tools|Any CPU.Build.0 = Tools|Any CPU
	EndGlobalSection
EndGlobal
